// !$*UTF8*$!
{
	archiveVersion = 1;
	classes = {
	};
	objectVersion = 56;
	objects = {

/* Begin PBXBuildFile section */
		221085B22C78DF3200FD7081 /* L1Desafio3.swift in Sources */ = {isa = PBXBuildFile; fileRef = 221085B12C78DF3200FD7081 /* L1Desafio3.swift */; };
		222BEC7D2C7E445500769AEC /* L1Desafio4.swift in Sources */ = {isa = PBXBuildFile; fileRef = 222BEC7C2C7E445500769AEC /* L1Desafio4.swift */; };
		22564B342C94B96D001C534C /* Erros.swift in Sources */ = {isa = PBXBuildFile; fileRef = 22564B332C94B96D001C534C /* Erros.swift */; };
		225C9A052C6FB9580091AE10 /* L1Desafio2.swift in Sources */ = {isa = PBXBuildFile; fileRef = 225C9A042C6FB9580091AE10 /* L1Desafio2.swift */; };
		22633A0B2C99FB0C00873EE1 /* VoiceSynthesizer.swift in Sources */ = {isa = PBXBuildFile; fileRef = 22633A0A2C99FB0C00873EE1 /* VoiceSynthesizer.swift */; };
		22633A0F2C9A127E00873EE1 /* CustomSheetView.swift in Sources */ = {isa = PBXBuildFile; fileRef = 22633A0E2C9A127E00873EE1 /* CustomSheetView.swift */; };
		228D0F9D2C543AFA00C24FFF /* L1Desafio1.swift in Sources */ = {isa = PBXBuildFile; fileRef = 228D0F9C2C543AFA00C24FFF /* L1Desafio1.swift */; };
		22904F6B2C90DFA3006AE170 /* L2Desafio3.swift in Sources */ = {isa = PBXBuildFile; fileRef = 22904F6A2C90DFA3006AE170 /* L2Desafio3.swift */; };
		22904F6D2C90E28B006AE170 /* L2Desafio4.swift in Sources */ = {isa = PBXBuildFile; fileRef = 22904F6C2C90E28B006AE170 /* L2Desafio4.swift */; };
		22904F6F2C90E5A0006AE170 /* L2Desafio5.swift in Sources */ = {isa = PBXBuildFile; fileRef = 22904F6E2C90E5A0006AE170 /* L2Desafio5.swift */; };
		22AA91212C90BA78006BECE0 /* L2Desafio1.swift in Sources */ = {isa = PBXBuildFile; fileRef = 22AA91202C90BA78006BECE0 /* L2Desafio1.swift */; };
		22AA91232C90BEB2006BECE0 /* L2Desafio2.swift in Sources */ = {isa = PBXBuildFile; fileRef = 22AA91222C90BEB2006BECE0 /* L2Desafio2.swift */; };
		22EA85B62C750088008764D9 /* L1Desafio5.swift in Sources */ = {isa = PBXBuildFile; fileRef = 22EA85B52C750088008764D9 /* L1Desafio5.swift */; };
		22F4CA7E2BFD150200576A26 /* _EPOApp.swift in Sources */ = {isa = PBXBuildFile; fileRef = 22F4CA7D2BFD150200576A26 /* _EPOApp.swift */; };
		22F4CA802BFD150200576A26 /* ContentView.swift in Sources */ = {isa = PBXBuildFile; fileRef = 22F4CA7F2BFD150200576A26 /* ContentView.swift */; };
		22F4CA822BFD150300576A26 /* Assets.xcassets in Resources */ = {isa = PBXBuildFile; fileRef = 22F4CA812BFD150300576A26 /* Assets.xcassets */; };
		22F4CA852BFD150300576A26 /* Preview Assets.xcassets in Resources */ = {isa = PBXBuildFile; fileRef = 22F4CA842BFD150300576A26 /* Preview Assets.xcassets */; };
		22F4CA8C2BFD16CD00576A26 /* FonologiaView.swift in Sources */ = {isa = PBXBuildFile; fileRef = 22F4CA8B2BFD16CD00576A26 /* FonologiaView.swift */; };
		22F4CA902BFD1A1600576A26 /* TrilhaView.swift in Sources */ = {isa = PBXBuildFile; fileRef = 22F4CA8F2BFD1A1600576A26 /* TrilhaView.swift */; };
/* End PBXBuildFile section */

/* Begin PBXFileReference section */
		221085B12C78DF3200FD7081 /* L1Desafio3.swift */ = {isa = PBXFileReference; lastKnownFileType = sourcecode.swift; path = L1Desafio3.swift; sourceTree = "<group>"; };
		222BEC7C2C7E445500769AEC /* L1Desafio4.swift */ = {isa = PBXFileReference; lastKnownFileType = sourcecode.swift; path = L1Desafio4.swift; sourceTree = "<group>"; };
		22564B332C94B96D001C534C /* Erros.swift */ = {isa = PBXFileReference; lastKnownFileType = sourcecode.swift; path = Erros.swift; sourceTree = "<group>"; };
		225C9A042C6FB9580091AE10 /* L1Desafio2.swift */ = {isa = PBXFileReference; lastKnownFileType = sourcecode.swift; path = L1Desafio2.swift; sourceTree = "<group>"; };
		22633A0A2C99FB0C00873EE1 /* VoiceSynthesizer.swift */ = {isa = PBXFileReference; lastKnownFileType = sourcecode.swift; path = VoiceSynthesizer.swift; sourceTree = "<group>"; };
		22633A0E2C9A127E00873EE1 /* CustomSheetView.swift */ = {isa = PBXFileReference; lastKnownFileType = sourcecode.swift; path = CustomSheetView.swift; sourceTree = "<group>"; };
		228D0F9C2C543AFA00C24FFF /* L1Desafio1.swift */ = {isa = PBXFileReference; lastKnownFileType = sourcecode.swift; path = L1Desafio1.swift; sourceTree = "<group>"; };
		22904F6A2C90DFA3006AE170 /* L2Desafio3.swift */ = {isa = PBXFileReference; lastKnownFileType = sourcecode.swift; path = L2Desafio3.swift; sourceTree = "<group>"; };
		22904F6C2C90E28B006AE170 /* L2Desafio4.swift */ = {isa = PBXFileReference; lastKnownFileType = sourcecode.swift; path = L2Desafio4.swift; sourceTree = "<group>"; };
		22904F6E2C90E5A0006AE170 /* L2Desafio5.swift */ = {isa = PBXFileReference; lastKnownFileType = sourcecode.swift; path = L2Desafio5.swift; sourceTree = "<group>"; };
		22AA91202C90BA78006BECE0 /* L2Desafio1.swift */ = {isa = PBXFileReference; lastKnownFileType = sourcecode.swift; path = L2Desafio1.swift; sourceTree = "<group>"; };
		22AA91222C90BEB2006BECE0 /* L2Desafio2.swift */ = {isa = PBXFileReference; lastKnownFileType = sourcecode.swift; path = L2Desafio2.swift; sourceTree = "<group>"; };
		22EA85B52C750088008764D9 /* L1Desafio5.swift */ = {isa = PBXFileReference; lastKnownFileType = sourcecode.swift; path = L1Desafio5.swift; sourceTree = "<group>"; };
		22F4CA7A2BFD150200576A26 /* 2EPO.app */ = {isa = PBXFileReference; explicitFileType = wrapper.application; includeInIndex = 0; path = 2EPO.app; sourceTree = BUILT_PRODUCTS_DIR; };
		22F4CA7D2BFD150200576A26 /* _EPOApp.swift */ = {isa = PBXFileReference; lastKnownFileType = sourcecode.swift; path = _EPOApp.swift; sourceTree = "<group>"; };
		22F4CA7F2BFD150200576A26 /* ContentView.swift */ = {isa = PBXFileReference; lastKnownFileType = sourcecode.swift; path = ContentView.swift; sourceTree = "<group>"; };
		22F4CA812BFD150300576A26 /* Assets.xcassets */ = {isa = PBXFileReference; lastKnownFileType = folder.assetcatalog; path = Assets.xcassets; sourceTree = "<group>"; };
		22F4CA842BFD150300576A26 /* Preview Assets.xcassets */ = {isa = PBXFileReference; lastKnownFileType = folder.assetcatalog; path = "Preview Assets.xcassets"; sourceTree = "<group>"; };
		22F4CA8B2BFD16CD00576A26 /* FonologiaView.swift */ = {isa = PBXFileReference; lastKnownFileType = sourcecode.swift; path = FonologiaView.swift; sourceTree = "<group>"; };
		22F4CA8F2BFD1A1600576A26 /* TrilhaView.swift */ = {isa = PBXFileReference; lastKnownFileType = sourcecode.swift; path = TrilhaView.swift; sourceTree = "<group>"; };
/* End PBXFileReference section */

/* Begin PBXFrameworksBuildPhase section */
		22F4CA772BFD150200576A26 /* Frameworks */ = {
			isa = PBXFrameworksBuildPhase;
			buildActionMask = 2147483647;
			files = (
			);
			runOnlyForDeploymentPostprocessing = 0;
		};
/* End PBXFrameworksBuildPhase section */

/* Begin PBXGroup section */
		22F4CA712BFD150200576A26 = {
			isa = PBXGroup;
			children = (
				22633A0A2C99FB0C00873EE1 /* VoiceSynthesizer.swift */,
				22F4CA7C2BFD150200576A26 /* 2EPO */,
				22F4CA7B2BFD150200576A26 /* Products */,
			);
			sourceTree = "<group>";
		};
		22F4CA7B2BFD150200576A26 /* Products */ = {
			isa = PBXGroup;
			children = (
				22F4CA7A2BFD150200576A26 /* 2EPO.app */,
			);
			name = Products;
			sourceTree = "<group>";
		};
		22F4CA7C2BFD150200576A26 /* 2EPO */ = {
			isa = PBXGroup;
			children = (
				22F4CA7D2BFD150200576A26 /* _EPOApp.swift */,
				22F4CA7F2BFD150200576A26 /* ContentView.swift */,
				22F4CA8B2BFD16CD00576A26 /* FonologiaView.swift */,
				22F4CA8F2BFD1A1600576A26 /* TrilhaView.swift */,
				228D0F9C2C543AFA00C24FFF /* L1Desafio1.swift */,
				225C9A042C6FB9580091AE10 /* L1Desafio2.swift */,
				22633A0E2C9A127E00873EE1 /* CustomSheetView.swift */,
				22564B332C94B96D001C534C /* Erros.swift */,
				221085B12C78DF3200FD7081 /* L1Desafio3.swift */,
				222BEC7C2C7E445500769AEC /* L1Desafio4.swift */,
				22AA91222C90BEB2006BECE0 /* L2Desafio2.swift */,
				22EA85B52C750088008764D9 /* L1Desafio5.swift */,
				22AA91202C90BA78006BECE0 /* L2Desafio1.swift */,
				22904F6A2C90DFA3006AE170 /* L2Desafio3.swift */,
				22904F6C2C90E28B006AE170 /* L2Desafio4.swift */,
				22904F6E2C90E5A0006AE170 /* L2Desafio5.swift */,
				22F4CA812BFD150300576A26 /* Assets.xcassets */,
				22F4CA832BFD150300576A26 /* Preview Content */,
			);
			path = 2EPO;
			sourceTree = "<group>";
		};
		22F4CA832BFD150300576A26 /* Preview Content */ = {
			isa = PBXGroup;
			children = (
				22F4CA842BFD150300576A26 /* Preview Assets.xcassets */,
			);
			path = "Preview Content";
			sourceTree = "<group>";
		};
/* End PBXGroup section */

/* Begin PBXNativeTarget section */
		22F4CA792BFD150200576A26 /* 2EPO */ = {
			isa = PBXNativeTarget;
			buildConfigurationList = 22F4CA882BFD150300576A26 /* Build configuration list for PBXNativeTarget "2EPO" */;
			buildPhases = (
				22F4CA762BFD150200576A26 /* Sources */,
				22F4CA772BFD150200576A26 /* Frameworks */,
				22F4CA782BFD150200576A26 /* Resources */,
			);
			buildRules = (
			);
			dependencies = (
			);
			name = 2EPO;
			productName = 2EPO;
			productReference = 22F4CA7A2BFD150200576A26 /* 2EPO.app */;
			productType = "com.apple.product-type.application";
		};
/* End PBXNativeTarget section */

/* Begin PBXProject section */
		22F4CA722BFD150200576A26 /* Project object */ = {
			isa = PBXProject;
			attributes = {
				BuildIndependentTargetsInParallel = 1;
				LastSwiftUpdateCheck = 1520;
				LastUpgradeCheck = 1520;
				TargetAttributes = {
					22F4CA792BFD150200576A26 = {
						CreatedOnToolsVersion = 15.2;
					};
				};
			};
			buildConfigurationList = 22F4CA752BFD150200576A26 /* Build configuration list for PBXProject "2EPO" */;
			compatibilityVersion = "Xcode 14.0";
			developmentRegion = en;
			hasScannedForEncodings = 0;
			knownRegions = (
				en,
				Base,
			);
			mainGroup = 22F4CA712BFD150200576A26;
			productRefGroup = 22F4CA7B2BFD150200576A26 /* Products */;
			projectDirPath = "";
			projectRoot = "";
			targets = (
				22F4CA792BFD150200576A26 /* 2EPO */,
			);
		};
/* End PBXProject section */

/* Begin PBXResourcesBuildPhase section */
		22F4CA782BFD150200576A26 /* Resources */ = {
			isa = PBXResourcesBuildPhase;
			buildActionMask = 2147483647;
			files = (
				22F4CA852BFD150300576A26 /* Preview Assets.xcassets in Resources */,
				22F4CA822BFD150300576A26 /* Assets.xcassets in Resources */,
			);
			runOnlyForDeploymentPostprocessing = 0;
		};
/* End PBXResourcesBuildPhase section */

/* Begin PBXSourcesBuildPhase section */
		22F4CA762BFD150200576A26 /* Sources */ = {
			isa = PBXSourcesBuildPhase;
			buildActionMask = 2147483647;
			files = (
				22F4CA802BFD150200576A26 /* ContentView.swift in Sources */,
				22904F6D2C90E28B006AE170 /* L2Desafio4.swift in Sources */,
				222BEC7D2C7E445500769AEC /* L1Desafio4.swift in Sources */,
				22F4CA8C2BFD16CD00576A26 /* FonologiaView.swift in Sources */,
				22564B342C94B96D001C534C /* Erros.swift in Sources */,
				22904F6B2C90DFA3006AE170 /* L2Desafio3.swift in Sources */,
				22633A0B2C99FB0C00873EE1 /* VoiceSynthesizer.swift in Sources */,
				22AA91212C90BA78006BECE0 /* L2Desafio1.swift in Sources */,
				228D0F9D2C543AFA00C24FFF /* L1Desafio1.swift in Sources */,
				225C9A052C6FB9580091AE10 /* L1Desafio2.swift in Sources */,
				22AA91232C90BEB2006BECE0 /* L2Desafio2.swift in Sources */,
				22F4CA902BFD1A1600576A26 /* TrilhaView.swift in Sources */,
				22EA85B62C750088008764D9 /* L1Desafio5.swift in Sources */,
				22904F6F2C90E5A0006AE170 /* L2Desafio5.swift in Sources */,
				221085B22C78DF3200FD7081 /* L1Desafio3.swift in Sources */,
				22F4CA7E2BFD150200576A26 /* _EPOApp.swift in Sources */,
				22633A0F2C9A127E00873EE1 /* CustomSheetView.swift in Sources */,
			);
			runOnlyForDeploymentPostprocessing = 0;
		};
/* End PBXSourcesBuildPhase section */

/* Begin XCBuildConfiguration section */
		22F4CA862BFD150300576A26 /* Debug */ = {
			isa = XCBuildConfiguration;
			buildSettings = {
				ALWAYS_SEARCH_USER_PATHS = NO;
				ASSETCATALOG_COMPILER_GENERATE_SWIFT_ASSET_SYMBOL_EXTENSIONS = YES;
				CLANG_ANALYZER_NONNULL = YES;
				CLANG_ANALYZER_NUMBER_OBJECT_CONVERSION = YES_AGGRESSIVE;
				CLANG_CXX_LANGUAGE_STANDARD = "gnu++20";
				CLANG_ENABLE_MODULES = YES;
				CLANG_ENABLE_OBJC_ARC = YES;
				CLANG_ENABLE_OBJC_WEAK = YES;
				CLANG_WARN_BLOCK_CAPTURE_AUTORELEASING = YES;
				CLANG_WARN_BOOL_CONVERSION = YES;
				CLANG_WARN_COMMA = YES;
				CLANG_WARN_CONSTANT_CONVERSION = YES;
				CLANG_WARN_DEPRECATED_OBJC_IMPLEMENTATIONS = YES;
				CLANG_WARN_DIRECT_OBJC_ISA_USAGE = YES_ERROR;
				CLANG_WARN_DOCUMENTATION_COMMENTS = YES;
				CLANG_WARN_EMPTY_BODY = YES;
				CLANG_WARN_ENUM_CONVERSION = YES;
				CLANG_WARN_INFINITE_RECURSION = YES;
				CLANG_WARN_INT_CONVERSION = YES;
				CLANG_WARN_NON_LITERAL_NULL_CONVERSION = YES;
				CLANG_WARN_OBJC_IMPLICIT_RETAIN_SELF = YES;
				CLANG_WARN_OBJC_LITERAL_CONVERSION = YES;
				CLANG_WARN_OBJC_ROOT_CLASS = YES_ERROR;
				CLANG_WARN_QUOTED_INCLUDE_IN_FRAMEWORK_HEADER = YES;
				CLANG_WARN_RANGE_LOOP_ANALYSIS = YES;
				CLANG_WARN_STRICT_PROTOTYPES = YES;
				CLANG_WARN_SUSPICIOUS_MOVE = YES;
				CLANG_WARN_UNGUARDED_AVAILABILITY = YES_AGGRESSIVE;
				CLANG_WARN_UNREACHABLE_CODE = YES;
				CLANG_WARN__DUPLICATE_METHOD_MATCH = YES;
				COPY_PHASE_STRIP = NO;
				DEBUG_INFORMATION_FORMAT = dwarf;
				ENABLE_STRICT_OBJC_MSGSEND = YES;
				ENABLE_TESTABILITY = YES;
				ENABLE_USER_SCRIPT_SANDBOXING = YES;
				GCC_C_LANGUAGE_STANDARD = gnu17;
				GCC_DYNAMIC_NO_PIC = NO;
				GCC_NO_COMMON_BLOCKS = YES;
				GCC_OPTIMIZATION_LEVEL = 0;
				GCC_PREPROCESSOR_DEFINITIONS = (
					"DEBUG=1",
					"$(inherited)",
				);
				GCC_WARN_64_TO_32_BIT_CONVERSION = YES;
				GCC_WARN_ABOUT_RETURN_TYPE = YES_ERROR;
				GCC_WARN_UNDECLARED_SELECTOR = YES;
				GCC_WARN_UNINITIALIZED_AUTOS = YES_AGGRESSIVE;
				GCC_WARN_UNUSED_FUNCTION = YES;
				GCC_WARN_UNUSED_VARIABLE = YES;
				IPHONEOS_DEPLOYMENT_TARGET = 17.2;
				LOCALIZATION_PREFERS_STRING_CATALOGS = YES;
				MTL_ENABLE_DEBUG_INFO = INCLUDE_SOURCE;
				MTL_FAST_MATH = YES;
				ONLY_ACTIVE_ARCH = YES;
				SDKROOT = iphoneos;
				SWIFT_ACTIVE_COMPILATION_CONDITIONS = "DEBUG $(inherited)";
				SWIFT_OPTIMIZATION_LEVEL = "-Onone";
			};
			name = Debug;
		};
		22F4CA872BFD150300576A26 /* Release */ = {
			isa = XCBuildConfiguration;
			buildSettings = {
				ALWAYS_SEARCH_USER_PATHS = NO;
				ASSETCATALOG_COMPILER_GENERATE_SWIFT_ASSET_SYMBOL_EXTENSIONS = YES;
				CLANG_ANALYZER_NONNULL = YES;
				CLANG_ANALYZER_NUMBER_OBJECT_CONVERSION = YES_AGGRESSIVE;
				CLANG_CXX_LANGUAGE_STANDARD = "gnu++20";
				CLANG_ENABLE_MODULES = YES;
				CLANG_ENABLE_OBJC_ARC = YES;
				CLANG_ENABLE_OBJC_WEAK = YES;
				CLANG_WARN_BLOCK_CAPTURE_AUTORELEASING = YES;
				CLANG_WARN_BOOL_CONVERSION = YES;
				CLANG_WARN_COMMA = YES;
				CLANG_WARN_CONSTANT_CONVERSION = YES;
				CLANG_WARN_DEPRECATED_OBJC_IMPLEMENTATIONS = YES;
				CLANG_WARN_DIRECT_OBJC_ISA_USAGE = YES_ERROR;
				CLANG_WARN_DOCUMENTATION_COMMENTS = YES;
				CLANG_WARN_EMPTY_BODY = YES;
				CLANG_WARN_ENUM_CONVERSION = YES;
				CLANG_WARN_INFINITE_RECURSION = YES;
				CLANG_WARN_INT_CONVERSION = YES;
				CLANG_WARN_NON_LITERAL_NULL_CONVERSION = YES;
				CLANG_WARN_OBJC_IMPLICIT_RETAIN_SELF = YES;
				CLANG_WARN_OBJC_LITERAL_CONVERSION = YES;
				CLANG_WARN_OBJC_ROOT_CLASS = YES_ERROR;
				CLANG_WARN_QUOTED_INCLUDE_IN_FRAMEWORK_HEADER = YES;
				CLANG_WARN_RANGE_LOOP_ANALYSIS = YES;
				CLANG_WARN_STRICT_PROTOTYPES = YES;
				CLANG_WARN_SUSPICIOUS_MOVE = YES;
				CLANG_WARN_UNGUARDED_AVAILABILITY = YES_AGGRESSIVE;
				CLANG_WARN_UNREACHABLE_CODE = YES;
				CLANG_WARN__DUPLICATE_METHOD_MATCH = YES;
				COPY_PHASE_STRIP = NO;
				DEBUG_INFORMATION_FORMAT = "dwarf-with-dsym";
				ENABLE_NS_ASSERTIONS = NO;
				ENABLE_STRICT_OBJC_MSGSEND = YES;
				ENABLE_USER_SCRIPT_SANDBOXING = YES;
				GCC_C_LANGUAGE_STANDARD = gnu17;
				GCC_NO_COMMON_BLOCKS = YES;
				GCC_WARN_64_TO_32_BIT_CONVERSION = YES;
				GCC_WARN_ABOUT_RETURN_TYPE = YES_ERROR;
				GCC_WARN_UNDECLARED_SELECTOR = YES;
				GCC_WARN_UNINITIALIZED_AUTOS = YES_AGGRESSIVE;
				GCC_WARN_UNUSED_FUNCTION = YES;
				GCC_WARN_UNUSED_VARIABLE = YES;
				IPHONEOS_DEPLOYMENT_TARGET = 17.2;
				LOCALIZATION_PREFERS_STRING_CATALOGS = YES;
				MTL_ENABLE_DEBUG_INFO = NO;
				MTL_FAST_MATH = YES;
				SDKROOT = iphoneos;
				SWIFT_COMPILATION_MODE = wholemodule;
				VALIDATE_PRODUCT = YES;
			};
			name = Release;
		};
		22F4CA892BFD150300576A26 /* Debug */ = {
			isa = XCBuildConfiguration;
			buildSettings = {
				ASSETCATALOG_COMPILER_APPICON_NAME = AppIcon;
				ASSETCATALOG_COMPILER_GLOBAL_ACCENT_COLOR_NAME = AccentColor;
				CODE_SIGN_STYLE = Automatic;
				CURRENT_PROJECT_VERSION = 1;
				DEVELOPMENT_ASSET_PATHS = "\"2EPO/Preview Content\"";
				DEVELOPMENT_TEAM = 45BX7W7QF5;
				ENABLE_PREVIEWS = YES;
				GENERATE_INFOPLIST_FILE = YES;
				INFOPLIST_KEY_UIApplicationSceneManifest_Generation = YES;
				INFOPLIST_KEY_UIApplicationSupportsIndirectInputEvents = YES;
				INFOPLIST_KEY_UILaunchScreen_Generation = YES;
				INFOPLIST_KEY_UISupportedInterfaceOrientations_iPad = "UIInterfaceOrientationPortrait UIInterfaceOrientationPortraitUpsideDown UIInterfaceOrientationLandscapeLeft UIInterfaceOrientationLandscapeRight";
				INFOPLIST_KEY_UISupportedInterfaceOrientations_iPhone = "UIInterfaceOrientationPortrait UIInterfaceOrientationLandscapeLeft UIInterfaceOrientationLandscapeRight";
				IPHONEOS_DEPLOYMENT_TARGET = 16.0;
				LD_RUNPATH_SEARCH_PATHS = (
					"$(inherited)",
					"@executable_path/Frameworks",
				);
				MARKETING_VERSION = 1.0;
				PRODUCT_BUNDLE_IDENTIFIER = "IFCE.-EPO";
				PRODUCT_NAME = "$(TARGET_NAME)";
				SWIFT_EMIT_LOC_STRINGS = YES;
				SWIFT_VERSION = 5.0;
				TARGETED_DEVICE_FAMILY = "1,2";
			};
			name = Debug;
		};
		22F4CA8A2BFD150300576A26 /* Release */ = {
			isa = XCBuildConfiguration;
			buildSettings = {
				ASSETCATALOG_COMPILER_APPICON_NAME = AppIcon;
				ASSETCATALOG_COMPILER_GLOBAL_ACCENT_COLOR_NAME = AccentColor;
				CODE_SIGN_STYLE = Automatic;
				CURRENT_PROJECT_VERSION = 1;
				DEVELOPMENT_ASSET_PATHS = "\"2EPO/Preview Content\"";
				DEVELOPMENT_TEAM = 45BX7W7QF5;
				ENABLE_PREVIEWS = YES;
				GENERATE_INFOPLIST_FILE = YES;
				INFOPLIST_KEY_UIApplicationSceneManifest_Generation = YES;
				INFOPLIST_KEY_UIApplicationSupportsIndirectInputEvents = YES;
				INFOPLIST_KEY_UILaunchScreen_Generation = YES;
				INFOPLIST_KEY_UISupportedInterfaceOrientations_iPad = "UIInterfaceOrientationPortrait UIInterfaceOrientationPortraitUpsideDown UIInterfaceOrientationLandscapeLeft UIInterfaceOrientationLandscapeRight";
				INFOPLIST_KEY_UISupportedInterfaceOrientations_iPhone = "UIInterfaceOrientationPortrait UIInterfaceOrientationLandscapeLeft UIInterfaceOrientationLandscapeRight";
				IPHONEOS_DEPLOYMENT_TARGET = 16.0;
				LD_RUNPATH_SEARCH_PATHS = (
					"$(inherited)",
					"@executable_path/Frameworks",
				);
				MARKETING_VERSION = 1.0;
				PRODUCT_BUNDLE_IDENTIFIER = "IFCE.-EPO";
				PRODUCT_NAME = "$(TARGET_NAME)";
				SWIFT_EMIT_LOC_STRINGS = YES;
				SWIFT_VERSION = 5.0;
				TARGETED_DEVICE_FAMILY = "1,2";
			};
			name = Release;
		};
/* End XCBuildConfiguration section */

/* Begin XCConfigurationList section */
		22F4CA752BFD150200576A26 /* Build configuration list for PBXProject "2EPO" */ = {
			isa = XCConfigurationList;
			buildConfigurations = (
				22F4CA862BFD150300576A26 /* Debug */,
				22F4CA872BFD150300576A26 /* Release */,
			);
			defaultConfigurationIsVisible = 0;
			defaultConfigurationName = Release;
		};
		22F4CA882BFD150300576A26 /* Build configuration list for PBXNativeTarget "2EPO" */ = {
			isa = XCConfigurationList;
			buildConfigurations = (
				22F4CA892BFD150300576A26 /* Debug */,
				22F4CA8A2BFD150300576A26 /* Release */,
			);
			defaultConfigurationIsVisible = 0;
			defaultConfigurationName = Release;
		};
/* End XCConfigurationList section */
	};
	rootObject = 22F4CA722BFD150200576A26 /* Project object */;
}
